
Microsoft Visual Studio Solution File, Format Version 12.00
# Visual Studio Version 16
VisualStudioVersion = 16.0.31702.278
MinimumVisualStudioVersion = 10.0.40219.1
Project("{FAE04EC0-301F-11D3-BF4B-00C04F79EFBC}") = "Lab4Work2", "Lab4Work2\Lab4Work2.csproj", "{174F7B0C-EEA6-419D-9BA4-111BDEA5715E}"
EndProject
Global
	GlobalSection(SolutionConfigurationPlatforms) = preSolution
		Debug|Any CPU = Debug|Any CPU
		Release|Any CPU = Release|Any CPU
	EndGlobalSection
	GlobalSection(ProjectConfigurationPlatforms) = postSolution
		{174F7B0C-EEA6-419D-9BA4-111BDEA5715E}.Debug|Any CPU.ActiveCfg = Debug|Any CPU
		{174F7B0C-EEA6-419D-9BA4-111BDEA5715E}.Debug|Any CPU.Build.0 = Debug|Any CPU
		{174F7B0C-EEA6-419D-9BA4-111BDEA5715E}.Release|Any CPU.ActiveCfg = Release|Any CPU
		{174F7B0C-EEA6-419D-9BA4-111BDEA5715E}.Release|Any CPU.Build.0 = Release|Any CPU
	EndGlobalSection
	GlobalSection(SolutionProperties) = preSolution
		HideSolutionNode = FALSE
	EndGlobalSection
	GlobalSection(ExtensibilityGlobals) = postSolution
		SolutionGuid = {EA9B11EC-7A89-4FFB-BF69-898EDC7F703A}
	EndGlobalSection
EndGlobal
